
Microsoft Visual Studio Solution File, Format Version 12.00
# Visual Studio Version 17
VisualStudioVersion = 17.4.33205.214
MinimumVisualStudioVersion = 10.0.40219.1
Project("{FAE04EC0-301F-11D3-BF4B-00C04F79EFBC}") = "ReflactionTest", "ReflactionTest\ReflactionTest.csproj", "{031CDE2A-BA92-4F8D-BBAE-FDD51F866DDA}"
EndProject
Global
	GlobalSection(SolutionConfigurationPlatforms) = preSolution
		Debug|Any CPU = Debug|Any CPU
		Release|Any CPU = Release|Any CPU
	EndGlobalSection
	GlobalSection(ProjectConfigurationPlatforms) = postSolution
		{031CDE2A-BA92-4F8D-BBAE-FDD51F866DDA}.Debug|Any CPU.ActiveCfg = Debug|Any CPU
		{031CDE2A-BA92-4F8D-BBAE-FDD51F866DDA}.Debug|Any CPU.Build.0 = Debug|Any CPU
		{031CDE2A-BA92-4F8D-BBAE-FDD51F866DDA}.Release|Any CPU.ActiveCfg = Release|Any CPU
		{031CDE2A-BA92-4F8D-BBAE-FDD51F866DDA}.Release|Any CPU.Build.0 = Release|Any CPU
	EndGlobalSection
	GlobalSection(SolutionProperties) = preSolution
		HideSolutionNode = FALSE
	EndGlobalSection
	GlobalSection(ExtensibilityGlobals) = postSolution
		SolutionGuid = {A3F16B76-F319-4ADA-8EB1-6B6B7D7569A3}
	EndGlobalSection
EndGlobal
